
Microsoft Visual Studio Solution File, Format Version 12.00
Project("{FAE04EC0-301F-11D3-BF4B-00C04F79EFBC}") = "DartClassCreator", "DartClassCreator\DartClassCreator.csproj", "{A7B4100D-C647-49AD-8C07-57DCC3B166D8}"
EndProject
Global
	GlobalSection(SolutionConfigurationPlatforms) = preSolution
		Debug|Any CPU = Debug|Any CPU
		Release|Any CPU = Release|Any CPU
	EndGlobalSection
	GlobalSection(ProjectConfigurationPlatforms) = postSolution
		{A7B4100D-C647-49AD-8C07-57DCC3B166D8}.Debug|Any CPU.ActiveCfg = Debug|Any CPU
		{A7B4100D-C647-49AD-8C07-57DCC3B166D8}.Debug|Any CPU.Build.0 = Debug|Any CPU
		{A7B4100D-C647-49AD-8C07-57DCC3B166D8}.Release|Any CPU.ActiveCfg = Release|Any CPU
		{A7B4100D-C647-49AD-8C07-57DCC3B166D8}.Release|Any CPU.Build.0 = Release|Any CPU
	EndGlobalSection
EndGlobal
